
Microsoft Visual Studio Solution File, Format Version 12.00
# Visual Studio Version 17
VisualStudioVersion = 17.11.35222.181
MinimumVisualStudioVersion = 10.0.40219.1
Project("{FAE04EC0-301F-11D3-BF4B-00C04F79EFBC}") = "Week2", "Week2\Week2.csproj", "{264194B6-19CD-4A00-B214-A97646B09246}"
EndProject
Project("{FAE04EC0-301F-11D3-BF4B-00C04F79EFBC}") = "UserGenderValidation", "UserGenderValidation\UserGenderValidation.csproj", "{A368B950-DA99-4885-AEF9-BEBB1B6BA03B}"
EndProject
Project("{FAE04EC0-301F-11D3-BF4B-00C04F79EFBC}") = "UserAgeValitation", "UserAgeValitation\UserAgeValitation.csproj", "{294416D5-A36B-4CD8-AEF4-B8A9C71B96A8}"
EndProject
Global
	GlobalSection(SolutionConfigurationPlatforms) = preSolution
		Debug|Any CPU = Debug|Any CPU
		Release|Any CPU = Release|Any CPU
	EndGlobalSection
	GlobalSection(ProjectConfigurationPlatforms) = postSolution
		{264194B6-19CD-4A00-B214-A97646B09246}.Debug|Any CPU.ActiveCfg = Debug|Any CPU
		{264194B6-19CD-4A00-B214-A97646B09246}.Debug|Any CPU.Build.0 = Debug|Any CPU
		{264194B6-19CD-4A00-B214-A97646B09246}.Release|Any CPU.ActiveCfg = Release|Any CPU
		{264194B6-19CD-4A00-B214-A97646B09246}.Release|Any CPU.Build.0 = Release|Any CPU
		{A368B950-DA99-4885-AEF9-BEBB1B6BA03B}.Debug|Any CPU.ActiveCfg = Debug|Any CPU
		{A368B950-DA99-4885-AEF9-BEBB1B6BA03B}.Debug|Any CPU.Build.0 = Debug|Any CPU
		{A368B950-DA99-4885-AEF9-BEBB1B6BA03B}.Release|Any CPU.ActiveCfg = Release|Any CPU
		{A368B950-DA99-4885-AEF9-BEBB1B6BA03B}.Release|Any CPU.Build.0 = Release|Any CPU
		{294416D5-A36B-4CD8-AEF4-B8A9C71B96A8}.Debug|Any CPU.ActiveCfg = Debug|Any CPU
		{294416D5-A36B-4CD8-AEF4-B8A9C71B96A8}.Debug|Any CPU.Build.0 = Debug|Any CPU
		{294416D5-A36B-4CD8-AEF4-B8A9C71B96A8}.Release|Any CPU.ActiveCfg = Release|Any CPU
		{294416D5-A36B-4CD8-AEF4-B8A9C71B96A8}.Release|Any CPU.Build.0 = Release|Any CPU
	EndGlobalSection
	GlobalSection(SolutionProperties) = preSolution
		HideSolutionNode = FALSE
	EndGlobalSection
	GlobalSection(ExtensibilityGlobals) = postSolution
		SolutionGuid = {FD7E8F3C-6BD4-4D7A-B0D2-A29EAF4B5772}
	EndGlobalSection
EndGlobal
